
Microsoft Visual Studio Solution File, Format Version 12.00
# Visual Studio 15
VisualStudioVersion = 15.0.27130.2003
MinimumVisualStudioVersion = 10.0.40219.1
Project("{888888A0-9F3D-457C-B088-3A5042F75D52}") = "email", "email\email.pyproj", "{83F16728-0569-4F00-A623-F5E44F59274F}"
EndProject
Project("{888888A0-9F3D-457C-B088-3A5042F75D52}") = "platform_info", "platform_info\platform_info.pyproj", "{2781A0D7-D2BD-4A9D-B5E1-626983A56E85}"
EndProject
Project("{888888A0-9F3D-457C-B088-3A5042F75D52}") = "easy_socket_app", "easy_socket_app\easy_socket_app.pyproj", "{3A19D1D2-A6D4-449E-886C-1764614F4C39}"
EndProject
Global
	GlobalSection(SolutionConfigurationPlatforms) = preSolution
		Debug|Any CPU = Debug|Any CPU
		Release|Any CPU = Release|Any CPU
	EndGlobalSection
	GlobalSection(ProjectConfigurationPlatforms) = postSolution
		{83F16728-0569-4F00-A623-F5E44F59274F}.Debug|Any CPU.ActiveCfg = Debug|Any CPU
		{83F16728-0569-4F00-A623-F5E44F59274F}.Release|Any CPU.ActiveCfg = Release|Any CPU
		{2781A0D7-D2BD-4A9D-B5E1-626983A56E85}.Debug|Any CPU.ActiveCfg = Debug|Any CPU
		{2781A0D7-D2BD-4A9D-B5E1-626983A56E85}.Release|Any CPU.ActiveCfg = Release|Any CPU
		{3A19D1D2-A6D4-449E-886C-1764614F4C39}.Debug|Any CPU.ActiveCfg = Debug|Any CPU
		{3A19D1D2-A6D4-449E-886C-1764614F4C39}.Release|Any CPU.ActiveCfg = Release|Any CPU
	EndGlobalSection
	GlobalSection(SolutionProperties) = preSolution
		HideSolutionNode = FALSE
	EndGlobalSection
	GlobalSection(ExtensibilityGlobals) = postSolution
		SolutionGuid = {CD186FA3-C4EE-46C5-804C-AF77EEBFBC5C}
	EndGlobalSection
EndGlobal
